
Microsoft Visual Studio Solution File, Format Version 12.00
# Visual Studio Version 16
VisualStudioVersion = 16.0.30907.101
MinimumVisualStudioVersion = 10.0.40219.1
Project("{FAE04EC0-301F-11D3-BF4B-00C04F79EFBC}") = "NoSpotifyADS_FORMS", "NoSpotifyADS_FORMS\NoSpotifyADS_FORMS.csproj", "{FE1E69D0-B974-4EC0-8341-508A1E908221}"
EndProject
Global
	GlobalSection(SolutionConfigurationPlatforms) = preSolution
		Debug|Any CPU = Debug|Any CPU
		Release|Any CPU = Release|Any CPU
	EndGlobalSection
	GlobalSection(ProjectConfigurationPlatforms) = postSolution
		{FE1E69D0-B974-4EC0-8341-508A1E908221}.Debug|Any CPU.ActiveCfg = Debug|Any CPU
		{FE1E69D0-B974-4EC0-8341-508A1E908221}.Debug|Any CPU.Build.0 = Debug|Any CPU
		{FE1E69D0-B974-4EC0-8341-508A1E908221}.Release|Any CPU.ActiveCfg = Release|Any CPU
		{FE1E69D0-B974-4EC0-8341-508A1E908221}.Release|Any CPU.Build.0 = Release|Any CPU
	EndGlobalSection
	GlobalSection(SolutionProperties) = preSolution
		HideSolutionNode = FALSE
	EndGlobalSection
	GlobalSection(ExtensibilityGlobals) = postSolution
		SolutionGuid = {C864B888-EFD5-4BB6-827A-CA1DD507AE6E}
	EndGlobalSection
EndGlobal
